
Microsoft Visual Studio Solution File, Format Version 12.00
# Visual Studio Version 16
VisualStudioVersion = 16.0.31613.86
MinimumVisualStudioVersion = 10.0.40219.1
Project("{FAE04EC0-301F-11D3-BF4B-00C04F79EFBC}") = "Ejercicio01", "Ejercicio01\Ejercicio01.csproj", "{5AC26C0C-6EA8-49C7-AD54-D46D7A655618}"
EndProject
Global
	GlobalSection(SolutionConfigurationPlatforms) = preSolution
		Debug|Any CPU = Debug|Any CPU
		Release|Any CPU = Release|Any CPU
	EndGlobalSection
	GlobalSection(ProjectConfigurationPlatforms) = postSolution
		{5AC26C0C-6EA8-49C7-AD54-D46D7A655618}.Debug|Any CPU.ActiveCfg = Debug|Any CPU
		{5AC26C0C-6EA8-49C7-AD54-D46D7A655618}.Debug|Any CPU.Build.0 = Debug|Any CPU
		{5AC26C0C-6EA8-49C7-AD54-D46D7A655618}.Release|Any CPU.ActiveCfg = Release|Any CPU
		{5AC26C0C-6EA8-49C7-AD54-D46D7A655618}.Release|Any CPU.Build.0 = Release|Any CPU
	EndGlobalSection
	GlobalSection(SolutionProperties) = preSolution
		HideSolutionNode = FALSE
	EndGlobalSection
	GlobalSection(ExtensibilityGlobals) = postSolution
		SolutionGuid = {A6A2C31C-19D8-427B-9F68-979BB6BFDA41}
	EndGlobalSection
EndGlobal
